
Microsoft Visual Studio Solution File, Format Version 12.00
# Visual Studio 15
VisualStudioVersion = 15.0.26730.8
MinimumVisualStudioVersion = 10.0.40219.1
Project("{2150E333-8FDC-42A3-9474-1A3956D46DE8}") = "src", "src", "{8D770754-500C-4301-9AB4-0146937B54BE}"
EndProject
Project("{FAE04EC0-301F-11D3-BF4B-00C04F79EFBC}") = "Roslyn.Resolvers.Demo", "src\Roslyn.Resolvers.Demo\Roslyn.Resolvers.Demo.csproj", "{8106F57F-FB0D-4F61-9206-4EE1C5B687CE}"
EndProject
Project("{2150E333-8FDC-42A3-9474-1A3956D46DE8}") = "Backup", "Backup", "{49EB091B-942E-45AF-BD25-31BAEB28FD0B}"
EndProject
Project("{2150E333-8FDC-42A3-9474-1A3956D46DE8}") = "src", "src", "{2C1C5FCF-2D33-4AE5-860F-3D0A6A7521A5}"
EndProject
Project("{FAE04EC0-301F-11D3-BF4B-00C04F79EFBC}") = "Roslyn.Resolvers.Demo", "Backup\src\Roslyn.Resolvers.Demo\Roslyn.Resolvers.Demo.csproj", "{4ECC27D8-6C9A-4EE2-971C-3F34899A17F8}"
EndProject
Global
	GlobalSection(SolutionConfigurationPlatforms) = preSolution
		Debug|Any CPU = Debug|Any CPU
		Release|Any CPU = Release|Any CPU
		Debug|x64 = Debug|x64
		Debug|x86 = Debug|x86
		Release|x64 = Release|x64
		Release|x86 = Release|x86
	EndGlobalSection
	GlobalSection(ProjectConfigurationPlatforms) = postSolution
		{8106F57F-FB0D-4F61-9206-4EE1C5B687CE}.Debug|Any CPU.ActiveCfg = Debug|Any CPU
		{8106F57F-FB0D-4F61-9206-4EE1C5B687CE}.Debug|Any CPU.Build.0 = Debug|Any CPU
		{8106F57F-FB0D-4F61-9206-4EE1C5B687CE}.Release|Any CPU.ActiveCfg = Release|Any CPU
		{8106F57F-FB0D-4F61-9206-4EE1C5B687CE}.Release|Any CPU.Build.0 = Release|Any CPU
		{4ECC27D8-6C9A-4EE2-971C-3F34899A17F8}.Debug|Any CPU.ActiveCfg = Debug|Any CPU
		{4ECC27D8-6C9A-4EE2-971C-3F34899A17F8}.Debug|Any CPU.Build.0 = Debug|Any CPU
		{4ECC27D8-6C9A-4EE2-971C-3F34899A17F8}.Debug|x64.ActiveCfg = Debug|x64
		{4ECC27D8-6C9A-4EE2-971C-3F34899A17F8}.Debug|x64.Build.0 = Debug|x64
		{4ECC27D8-6C9A-4EE2-971C-3F34899A17F8}.Debug|x86.ActiveCfg = Debug|x86
		{4ECC27D8-6C9A-4EE2-971C-3F34899A17F8}.Debug|x86.Build.0 = Debug|x86
		{4ECC27D8-6C9A-4EE2-971C-3F34899A17F8}.Release|Any CPU.ActiveCfg = Release|Any CPU
		{4ECC27D8-6C9A-4EE2-971C-3F34899A17F8}.Release|Any CPU.Build.0 = Release|Any CPU
		{4ECC27D8-6C9A-4EE2-971C-3F34899A17F8}.Release|x64.ActiveCfg = Release|x64
		{4ECC27D8-6C9A-4EE2-971C-3F34899A17F8}.Release|x64.Build.0 = Release|x64
		{4ECC27D8-6C9A-4EE2-971C-3F34899A17F8}.Release|x86.ActiveCfg = Release|x86
		{4ECC27D8-6C9A-4EE2-971C-3F34899A17F8}.Release|x86.Build.0 = Release|x86
	EndGlobalSection
	GlobalSection(SolutionProperties) = preSolution
		HideSolutionNode = FALSE
	EndGlobalSection
	GlobalSection(NestedProjects) = preSolution
		{8106F57F-FB0D-4F61-9206-4EE1C5B687CE} = {8D770754-500C-4301-9AB4-0146937B54BE}
		{2C1C5FCF-2D33-4AE5-860F-3D0A6A7521A5} = {49EB091B-942E-45AF-BD25-31BAEB28FD0B}
		{4ECC27D8-6C9A-4EE2-971C-3F34899A17F8} = {2C1C5FCF-2D33-4AE5-860F-3D0A6A7521A5}
	EndGlobalSection
	GlobalSection(ExtensibilityGlobals) = postSolution
		SolutionGuid = {E534954C-139A-4F0A-B03B-0F64B5CA269A}
	EndGlobalSection
EndGlobal
